{
  "version": 4,
  "terraform_version": "1.11.4",
  "serial": 1,
  "lineage": "f0fa7185-9940-c8b6-7faa-2711a09f7268",
  "outputs": {},
  "resources": [
    {
      "mode": "managed",
      "type": "local_file",
      "name": "my_file",
      "provider": "provider[\"registry.terraform.io/hashicorp/local\"]",
      "instances": [
        {
          "schema_version": 0,
          "attributes": {
            "content": "this is terraform",
            "content_base64": null,
            "content_base64sha256": "exzTwbMwCHJvTaXDszlVUsAW0HqhobNY1mTYBMGyvKg=",
            "content_base64sha512": "PP+mQZgmZ+fzdDKf8PrriVLULGPFEJ3NcEOOKoM65wrT1YqOVTSkc+SNG2431yxVDjRJUpEhzZTb4NFBshMHOQ==",
            "content_md5": "4eda1f58df8bfe011a123e4d15648222",
            "content_sha1": "d9d21f9a12d0bf8bd3a96659fa4562548d627022",
            "content_sha256": "7b1cd3c1b33008726f4da5c3b3395552c016d07aa1a1b358d664d804c1b2bca8",
            "content_sha512": "3cffa641982667e7f374329ff0faeb8952d42c63c5109dcd70438e2a833ae70ad3d58a8e5534a473e48d1b6e37d72c550e3449529121cd94dbe0d141b2130739",
            "directory_permission": "0777",
            "file_permission": "0777",
            "filename": "automate.txt",
            "id": "d9d21f9a12d0bf8bd3a96659fa4562548d627022",
            "sensitive_content": null,
            "source": null
          },
          "sensitive_attributes": [
            [
              {
                "type": "get_attr",
                "value": "sensitive_content"
              }
            ]
          ]
        }
      ]
    }
  ],
  "check_results": null
}
